{
  "name": "bacnet-fullscan-client",
  "lockfileVersion": 3,
  "requires": true,
  "packages": {
    "": {
      "dependencies": {
        "bacstack": "^0.0.1-beta.14"
      }
    },
    "node_modules/bacstack": {
      "version": "0.0.1-beta.14",
      "resolved": "https://registry.npmjs.org/bacstack/-/bacstack-0.0.1-beta.14.tgz",
      "integrity": "sha512-hmDL0MgGV8UNWffkMXIczlnqXC0g/9tfSXw0MjZ8Wd0dkgAYqNAPV4R6+n78zgUw52cezbzsTEFL3YK6kjspjQ==",
      "license": "MIT",
      "dependencies": {
        "debug": "^4.3.1",
        "iconv-lite": "^0.6.3"
      },
      "engines": {
        "node": ">= 12.0.0"
      }
    },
    "node_modules/debug": {
      "version": "4.4.0",
      "license": "MIT",
      "dependencies": {
        "ms": "^2.1.3"
      },
      "engines": {
        "node": ">=6.0"
      },
      "peerDependenciesMeta": {
        "supports-color": {
          "optional": true
        }
      }
    },
    "node_modules/iconv-lite": {
      "version": "0.6.3",
      "license": "MIT",
      "dependencies": {
        "safer-buffer": ">= 2.1.2 < 3.0.0"
      },
      "engines": {
        "node": ">=0.10.0"
      }
    },
    "node_modules/ms": {
      "version": "2.1.3",
      "license": "MIT"
    },
    "node_modules/safer-buffer": {
      "version": "2.1.2",
      "license": "MIT"
    }
  }
}
